<?xml version="1.0" encoding="utf-8"?>
<Project ToolsVersion="4.0" xmlns="http://schemas.microsoft.com/developer/msbuild/2003">
  <ItemGroup>
    <Filter Include="Исходные файлы">
      <UniqueIdentifier>{4FC737F1-C7A5-4376-A066-2A32D752A2FF}</UniqueIdentifier>
      <Extensions>cpp;c;cc;cxx;c++;cppm;ixx;def;odl;idl;hpj;bat;asm;asmx</Extensions>
    </Filter>
    <Filter Include="Файлы заголовков">
      <UniqueIdentifier>{93995380-89BD-4b04-88EB-625FBE52EBFB}</UniqueIdentifier>
      <Extensions>h;hh;hpp;hxx;h++;hm;inl;inc;ipp;xsd</Extensions>
    </Filter>
    <Filter Include="Файлы ресурсов">
      <UniqueIdentifier>{67DA6AB6-F800-4c08-8B7A-83BB121AAD01}</UniqueIdentifier>
      <Extensions>rc;ico;cur;bmp;dlg;rc2;rct;bin;rgs;gif;jpg;jpeg;jpe;resx;tiff;tif;png;wav;mfcribbon-ms</Extensions>
    </Filter>
  </ItemGroup>
  <ItemGroup>
    <ClInclude Include="main_form.h">
      <Filter>Файлы заголовков</Filter>
    </ClInclude>
    <ClInclude Include="game_field.h">
      <Filter>Файлы заголовков</Filter>
    </ClInclude>
    <ClInclude Include="registration.h">
      <Filter>Файлы заголовков</Filter>
    </ClInclude>
    <ClInclude Include="autorization.h">
      <Filter>Файлы заголовков</Filter>
    </ClInclude>
    <ClInclude Include="pause.h">
      <Filter>Файлы заголовков</Filter>
    </ClInclude>
    <ClInclude Include="gameover.h">
      <Filter>Файлы заголовков</Filter>
    </ClInclude>
    <ClInclude Include="SplashScreen.h">
      <Filter>Файлы заголовков</Filter>
    </ClInclude>
  </ItemGroup>
  <ItemGroup>
    <ClCompile Include="game_field.cpp">
      <Filter>Исходные файлы</Filter>
    </ClCompile>
    <ClCompile Include="registration.cpp">
      <Filter>Исходные файлы</Filter>
    </ClCompile>
    <ClCompile Include="autorization.cpp">
      <Filter>Исходные файлы</Filter>
    </ClCompile>
    <ClCompile Include="main_form.cpp">
      <Filter>Исходные файлы</Filter>
    </ClCompile>
    <ClCompile Include="gameover.cpp">
      <Filter>Исходные файлы</Filter>
    </ClCompile>
    <ClCompile Include="pause.cpp">
      <Filter>Исходные файлы</Filter>
    </ClCompile>
    <ClCompile Include="SplashScreen.cpp">
      <Filter>Исходные файлы</Filter>
    </ClCompile>
  </ItemGroup>
  <ItemGroup>
    <None Include="base.bin">
      <Filter>Файлы ресурсов</Filter>
    </None>
    <None Include="info.chm">
      <Filter>Файлы ресурсов</Filter>
    </None>
  </ItemGroup>
  <ItemGroup>
    <Image Include="3.png">
      <Filter>Файлы ресурсов</Filter>
    </Image>
    <Image Include="breakwall.jpg">
      <Filter>Файлы ресурсов</Filter>
    </Image>
    <Image Include="bullet.png">
      <Filter>Файлы ресурсов</Filter>
    </Image>
    <Image Include="cannon_weapons_tank_war_icon_219257.ico">
      <Filter>Файлы ресурсов</Filter>
    </Image>
    <Image Include="down.png">
      <Filter>Файлы ресурсов</Filter>
    </Image>
    <Image Include="down2.png">
      <Filter>Файлы ресурсов</Filter>
    </Image>
    <Image Include="eye1.png">
      <Filter>Файлы ресурсов</Filter>
    </Image>
    <Image Include="eye2.png">
      <Filter>Файлы ресурсов</Filter>
    </Image>
    <Image Include="hp.png">
      <Filter>Файлы ресурсов</Filter>
    </Image>
    <Image Include="left.png">
      <Filter>Файлы ресурсов</Filter>
    </Image>
    <Image Include="left2.png">
      <Filter>Файлы ресурсов</Filter>
    </Image>
    <Image Include="powershoot.png">
      <Filter>Файлы ресурсов</Filter>
    </Image>
    <Image Include="right.png">
      <Filter>Файлы ресурсов</Filter>
    </Image>
    <Image Include="right2.png">
      <Filter>Файлы ресурсов</Filter>
    </Image>
    <Image Include="six-piece0.png">
      <Filter>Файлы ресурсов</Filter>
    </Image>
    <Image Include="speedshoot.png">
      <Filter>Файлы ресурсов</Filter>
    </Image>
    <Image Include="stopwall.jpg">
      <Filter>Файлы ресурсов</Filter>
    </Image>
    <Image Include="up.png">
      <Filter>Файлы ресурсов</Filter>
    </Image>
    <Image Include="up2.png">
      <Filter>Файлы ресурсов</Filter>
    </Image>
  </ItemGroup>
</Project>